
Microsoft Visual Studio Solution File, Format Version 12.00
# Visual Studio Version 17
VisualStudioVersion = 17.0.31919.166
MinimumVisualStudioVersion = 10.0.40219.1
Project("{FAE04EC0-301F-11D3-BF4B-00C04F79EFBC}") = "MyTube", "MyTube\MyTube.csproj", "{E4869159-91A9-437D-93AA-7A7CFFB27EB5}"
EndProject
Global
	GlobalSection(SolutionConfigurationPlatforms) = preSolution
		Debug|Any CPU = Debug|Any CPU
		Release|Any CPU = Release|Any CPU
	EndGlobalSection
	GlobalSection(ProjectConfigurationPlatforms) = postSolution
		{E4869159-91A9-437D-93AA-7A7CFFB27EB5}.Debug|Any CPU.ActiveCfg = Debug|Any CPU
		{E4869159-91A9-437D-93AA-7A7CFFB27EB5}.Debug|Any CPU.Build.0 = Debug|Any CPU
		{E4869159-91A9-437D-93AA-7A7CFFB27EB5}.Release|Any CPU.ActiveCfg = Release|Any CPU
		{E4869159-91A9-437D-93AA-7A7CFFB27EB5}.Release|Any CPU.Build.0 = Release|Any CPU
	EndGlobalSection
	GlobalSection(SolutionProperties) = preSolution
		HideSolutionNode = FALSE
	EndGlobalSection
	GlobalSection(ExtensibilityGlobals) = postSolution
		SolutionGuid = {8859B952-E61D-4D5A-856E-C76CE4D40AA7}
	EndGlobalSection
EndGlobal
